{
  "name": "drum-pad",
  "version": "1.0.0",
  "lockfileVersion": 2,
  "requires": true,
  "packages": {
    "": {
      "name": "drum-pad",
      "version": "1.0.0",
      "license": "ISC",
      "dependencies": {
        "read-file-tree": "^1.1.2"
      }
    },
    "node_modules/read-file-tree": {
      "version": "1.1.2",
      "resolved": "https://registry.npmjs.org/read-file-tree/-/read-file-tree-1.1.2.tgz",
      "integrity": "sha512-e5YSykLgsDD6gwAGEDw/7VqfUFIWdetF8yCMoEOXxzAIyKWfsmQtXzT5eBCTMN4+5RhHmuYzSobJwYWAqwfQBQ=="
    }
  },
  "dependencies": {
    "read-file-tree": {
      "version": "1.1.2",
      "resolved": "https://registry.npmjs.org/read-file-tree/-/read-file-tree-1.1.2.tgz",
      "integrity": "sha512-e5YSykLgsDD6gwAGEDw/7VqfUFIWdetF8yCMoEOXxzAIyKWfsmQtXzT5eBCTMN4+5RhHmuYzSobJwYWAqwfQBQ=="
    }
  }
}
